// !$*UTF8*$!
{
	archiveVersion = 1;
	classes = {
	};
	objectVersion = 46;
	objects = {

/* Begin PBXBuildFile section */
		9CCCCE211B0971AD00D9F972 /* main.m in Sources */ = {isa = PBXBuildFile; fileRef = 9CCCCE201B0971AD00D9F972 /* main.m */; };
		9CCCCE241B0971AD00D9F972 /* AppDelegate.m in Sources */ = {isa = PBXBuildFile; fileRef = 9CCCCE231B0971AD00D9F972 /* AppDelegate.m */; };
		9CCCCE2A1B0971AD00D9F972 /* Main.storyboard in Resources */ = {isa = PBXBuildFile; fileRef = 9CCCCE281B0971AD00D9F972 /* Main.storyboard */; };
		9CCCCE2C1B0971AD00D9F972 /* Images.xcassets in Resources */ = {isa = PBXBuildFile; fileRef = 9CCCCE2B1B0971AD00D9F972 /* Images.xcassets */; };
		9CCCCE2F1B0971AD00D9F972 /* LaunchScreen.xib in Resources */ = {isa = PBXBuildFile; fileRef = 9CCCCE2D1B0971AD00D9F972 /* LaunchScreen.xib */; };
		9CCCCE3B1B0971AD00D9F972 /* HypnoNerdTests.m in Sources */ = {isa = PBXBuildFile; fileRef = 9CCCCE3A1B0971AD00D9F972 /* HypnoNerdTests.m */; };
		9CCCCE461B0971E700D9F972 /* HypnosisView.m in Sources */ = {isa = PBXBuildFile; fileRef = 9CCCCE451B0971E700D9F972 /* HypnosisView.m */; };
		9CCCCE491B09727800D9F972 /* HypnosisViewController.m in Sources */ = {isa = PBXBuildFile; fileRef = 9CCCCE481B09727800D9F972 /* HypnosisViewController.m */; };
		9CCCCE4C1B097B3C00D9F972 /* ReminderViewController.m in Sources */ = {isa = PBXBuildFile; fileRef = 9CCCCE4B1B097B3C00D9F972 /* ReminderViewController.m */; };
/* End PBXBuildFile section */

/* Begin PBXContainerItemProxy section */
		9CCCCE351B0971AD00D9F972 /* PBXContainerItemProxy */ = {
			isa = PBXContainerItemProxy;
			containerPortal = 9CCCCE131B0971AD00D9F972 /* Project object */;
			proxyType = 1;
			remoteGlobalIDString = 9CCCCE1A1B0971AD00D9F972;
			remoteInfo = HypnoNerd;
		};
/* End PBXContainerItemProxy section */

/* Begin PBXFileReference section */
		9CCCCE1B1B0971AD00D9F972 /* HypnoNerd.app */ = {isa = PBXFileReference; explicitFileType = wrapper.application; includeInIndex = 0; path = HypnoNerd.app; sourceTree = BUILT_PRODUCTS_DIR; };
		9CCCCE1F1B0971AD00D9F972 /* Info.plist */ = {isa = PBXFileReference; lastKnownFileType = text.plist.xml; path = Info.plist; sourceTree = "<group>"; };
		9CCCCE201B0971AD00D9F972 /* main.m */ = {isa = PBXFileReference; lastKnownFileType = sourcecode.c.objc; path = main.m; sourceTree = "<group>"; };
		9CCCCE221B0971AD00D9F972 /* AppDelegate.h */ = {isa = PBXFileReference; lastKnownFileType = sourcecode.c.h; path = AppDelegate.h; sourceTree = "<group>"; };
		9CCCCE231B0971AD00D9F972 /* AppDelegate.m */ = {isa = PBXFileReference; lastKnownFileType = sourcecode.c.objc; path = AppDelegate.m; sourceTree = "<group>"; };
		9CCCCE291B0971AD00D9F972 /* Base */ = {isa = PBXFileReference; lastKnownFileType = file.storyboard; name = Base; path = Base.lproj/Main.storyboard; sourceTree = "<group>"; };
		9CCCCE2B1B0971AD00D9F972 /* Images.xcassets */ = {isa = PBXFileReference; lastKnownFileType = folder.assetcatalog; path = Images.xcassets; sourceTree = "<group>"; };
		9CCCCE2E1B0971AD00D9F972 /* Base */ = {isa = PBXFileReference; lastKnownFileType = file.xib; name = Base; path = Base.lproj/LaunchScreen.xib; sourceTree = "<group>"; };
		9CCCCE341B0971AD00D9F972 /* HypnoNerdTests.xctest */ = {isa = PBXFileReference; explicitFileType = wrapper.cfbundle; includeInIndex = 0; path = HypnoNerdTests.xctest; sourceTree = BUILT_PRODUCTS_DIR; };
		9CCCCE391B0971AD00D9F972 /* Info.plist */ = {isa = PBXFileReference; lastKnownFileType = text.plist.xml; path = Info.plist; sourceTree = "<group>"; };
		9CCCCE3A1B0971AD00D9F972 /* HypnoNerdTests.m */ = {isa = PBXFileReference; lastKnownFileType = sourcecode.c.objc; path = HypnoNerdTests.m; sourceTree = "<group>"; };
		9CCCCE441B0971E700D9F972 /* HypnosisView.h */ = {isa = PBXFileReference; fileEncoding = 4; lastKnownFileType = sourcecode.c.h; path = HypnosisView.h; sourceTree = "<group>"; };
		9CCCCE451B0971E700D9F972 /* HypnosisView.m */ = {isa = PBXFileReference; fileEncoding = 4; lastKnownFileType = sourcecode.c.objc; path = HypnosisView.m; sourceTree = "<group>"; };
		9CCCCE471B09727800D9F972 /* HypnosisViewController.h */ = {isa = PBXFileReference; fileEncoding = 4; lastKnownFileType = sourcecode.c.h; path = HypnosisViewController.h; sourceTree = "<group>"; };
		9CCCCE481B09727800D9F972 /* HypnosisViewController.m */ = {isa = PBXFileReference; fileEncoding = 4; lastKnownFileType = sourcecode.c.objc; path = HypnosisViewController.m; sourceTree = "<group>"; };
		9CCCCE4A1B097B3C00D9F972 /* ReminderViewController.h */ = {isa = PBXFileReference; fileEncoding = 4; lastKnownFileType = sourcecode.c.h; path = ReminderViewController.h; sourceTree = "<group>"; };
		9CCCCE4B1B097B3C00D9F972 /* ReminderViewController.m */ = {isa = PBXFileReference; fileEncoding = 4; lastKnownFileType = sourcecode.c.objc; path = ReminderViewController.m; sourceTree = "<group>"; };
/* End PBXFileReference section */

/* Begin PBXFrameworksBuildPhase section */
		9CCCCE181B0971AD00D9F972 /* Frameworks */ = {
			isa = PBXFrameworksBuildPhase;
			buildActionMask = 2147483647;
			files = (
			);
			runOnlyForDeploymentPostprocessing = 0;
		};
		9CCCCE311B0971AD00D9F972 /* Frameworks */ = {
			isa = PBXFrameworksBuildPhase;
			buildActionMask = 2147483647;
			files = (
			);
			runOnlyForDeploymentPostprocessing = 0;
		};
/* End PBXFrameworksBuildPhase section */

/* Begin PBXGroup section */
		9CCCCE121B0971AD00D9F972 = {
			isa = PBXGroup;
			children = (
				9CCCCE1D1B0971AD00D9F972 /* HypnoNerd */,
				9CCCCE371B0971AD00D9F972 /* HypnoNerdTests */,
				9CCCCE1C1B0971AD00D9F972 /* Products */,
			);
			sourceTree = "<group>";
		};
		9CCCCE1C1B0971AD00D9F972 /* Products */ = {
			isa = PBXGroup;
			children = (
				9CCCCE1B1B0971AD00D9F972 /* HypnoNerd.app */,
				9CCCCE341B0971AD00D9F972 /* HypnoNerdTests.xctest */,
			);
			name = Products;
			sourceTree = "<group>";
		};
		9CCCCE1D1B0971AD00D9F972 /* HypnoNerd */ = {
			isa = PBXGroup;
			children = (
				9CCCCE221B0971AD00D9F972 /* AppDelegate.h */,
				9CCCCE231B0971AD00D9F972 /* AppDelegate.m */,
				9CCCCE4A1B097B3C00D9F972 /* ReminderViewController.h */,
				9CCCCE4B1B097B3C00D9F972 /* ReminderViewController.m */,
				9CCCCE471B09727800D9F972 /* HypnosisViewController.h */,
				9CCCCE481B09727800D9F972 /* HypnosisViewController.m */,
				9CCCCE441B0971E700D9F972 /* HypnosisView.h */,
				9CCCCE451B0971E700D9F972 /* HypnosisView.m */,
				9CCCCE281B0971AD00D9F972 /* Main.storyboard */,
				9CCCCE2B1B0971AD00D9F972 /* Images.xcassets */,
				9CCCCE2D1B0971AD00D9F972 /* LaunchScreen.xib */,
				9CCCCE1E1B0971AD00D9F972 /* Supporting Files */,
			);
			path = HypnoNerd;
			sourceTree = "<group>";
		};
		9CCCCE1E1B0971AD00D9F972 /* Supporting Files */ = {
			isa = PBXGroup;
			children = (
				9CCCCE1F1B0971AD00D9F972 /* Info.plist */,
				9CCCCE201B0971AD00D9F972 /* main.m */,
			);
			name = "Supporting Files";
			sourceTree = "<group>";
		};
		9CCCCE371B0971AD00D9F972 /* HypnoNerdTests */ = {
			isa = PBXGroup;
			children = (
				9CCCCE3A1B0971AD00D9F972 /* HypnoNerdTests.m */,
				9CCCCE381B0971AD00D9F972 /* Supporting Files */,
			);
			path = HypnoNerdTests;
			sourceTree = "<group>";
		};
		9CCCCE381B0971AD00D9F972 /* Supporting Files */ = {
			isa = PBXGroup;
			children = (
				9CCCCE391B0971AD00D9F972 /* Info.plist */,
			);
			name = "Supporting Files";
			sourceTree = "<group>";
		};
/* End PBXGroup section */

/* Begin PBXNativeTarget section */
		9CCCCE1A1B0971AD00D9F972 /* HypnoNerd */ = {
			isa = PBXNativeTarget;
			buildConfigurationList = 9CCCCE3E1B0971AD00D9F972 /* Build configuration list for PBXNativeTarget "HypnoNerd" */;
			buildPhases = (
				9CCCCE171B0971AD00D9F972 /* Sources */,
				9CCCCE181B0971AD00D9F972 /* Frameworks */,
				9CCCCE191B0971AD00D9F972 /* Resources */,
			);
			buildRules = (
			);
			dependencies = (
			);
			name = HypnoNerd;
			productName = HypnoNerd;
			productReference = 9CCCCE1B1B0971AD00D9F972 /* HypnoNerd.app */;
			productType = "com.apple.product-type.application";
		};
		9CCCCE331B0971AD00D9F972 /* HypnoNerdTests */ = {
			isa = PBXNativeTarget;
			buildConfigurationList = 9CCCCE411B0971AD00D9F972 /* Build configuration list for PBXNativeTarget "HypnoNerdTests" */;
			buildPhases = (
				9CCCCE301B0971AD00D9F972 /* Sources */,
				9CCCCE311B0971AD00D9F972 /* Frameworks */,
				9CCCCE321B0971AD00D9F972 /* Resources */,
			);
			buildRules = (
			);
			dependencies = (
				9CCCCE361B0971AD00D9F972 /* PBXTargetDependency */,
			);
			name = HypnoNerdTests;
			productName = HypnoNerdTests;
			productReference = 9CCCCE341B0971AD00D9F972 /* HypnoNerdTests.xctest */;
			productType = "com.apple.product-type.bundle.unit-test";
		};
/* End PBXNativeTarget section */

/* Begin PBXProject section */
		9CCCCE131B0971AD00D9F972 /* Project object */ = {
			isa = PBXProject;
			attributes = {
				LastUpgradeCheck = 0610;
				ORGANIZATIONNAME = JWANG;
				TargetAttributes = {
					9CCCCE1A1B0971AD00D9F972 = {
						CreatedOnToolsVersion = 6.1.1;
					};
					9CCCCE331B0971AD00D9F972 = {
						CreatedOnToolsVersion = 6.1.1;
						TestTargetID = 9CCCCE1A1B0971AD00D9F972;
					};
				};
			};
			buildConfigurationList = 9CCCCE161B0971AD00D9F972 /* Build configuration list for PBXProject "HypnoNerd" */;
			compatibilityVersion = "Xcode 3.2";
			developmentRegion = English;
			hasScannedForEncodings = 0;
			knownRegions = (
				en,
				Base,
			);
			mainGroup = 9CCCCE121B0971AD00D9F972;
			productRefGroup = 9CCCCE1C1B0971AD00D9F972 /* Products */;
			projectDirPath = "";
			projectRoot = "";
			targets = (
				9CCCCE1A1B0971AD00D9F972 /* HypnoNerd */,
				9CCCCE331B0971AD00D9F972 /* HypnoNerdTests */,
			);
		};
/* End PBXProject section */

/* Begin PBXResourcesBuildPhase section */
		9CCCCE191B0971AD00D9F972 /* Resources */ = {
			isa = PBXResourcesBuildPhase;
			buildActionMask = 2147483647;
			files = (
				9CCCCE2A1B0971AD00D9F972 /* Main.storyboard in Resources */,
				9CCCCE2F1B0971AD00D9F972 /* LaunchScreen.xib in Resources */,
				9CCCCE2C1B0971AD00D9F972 /* Images.xcassets in Resources */,
			);
			runOnlyForDeploymentPostprocessing = 0;
		};
		9CCCCE321B0971AD00D9F972 /* Resources */ = {
			isa = PBXResourcesBuildPhase;
			buildActionMask = 2147483647;
			files = (
			);
			runOnlyForDeploymentPostprocessing = 0;
		};
/* End PBXResourcesBuildPhase section */

/* Begin PBXSourcesBuildPhase section */
		9CCCCE171B0971AD00D9F972 /* Sources */ = {
			isa = PBXSourcesBuildPhase;
			buildActionMask = 2147483647;
			files = (
				9CCCCE461B0971E700D9F972 /* HypnosisView.m in Sources */,
				9CCCCE241B0971AD00D9F972 /* AppDelegate.m in Sources */,
				9CCCCE211B0971AD00D9F972 /* main.m in Sources */,
				9CCCCE491B09727800D9F972 /* HypnosisViewController.m in Sources */,
				9CCCCE4C1B097B3C00D9F972 /* ReminderViewController.m in Sources */,
			);
			runOnlyForDeploymentPostprocessing = 0;
		};
		9CCCCE301B0971AD00D9F972 /* Sources */ = {
			isa = PBXSourcesBuildPhase;
			buildActionMask = 2147483647;
			files = (
				9CCCCE3B1B0971AD00D9F972 /* HypnoNerdTests.m in Sources */,
			);
			runOnlyForDeploymentPostprocessing = 0;
		};
/* End PBXSourcesBuildPhase section */

/* Begin PBXTargetDependency section */
		9CCCCE361B0971AD00D9F972 /* PBXTargetDependency */ = {
			isa = PBXTargetDependency;
			target = 9CCCCE1A1B0971AD00D9F972 /* HypnoNerd */;
			targetProxy = 9CCCCE351B0971AD00D9F972 /* PBXContainerItemProxy */;
		};
/* End PBXTargetDependency section */

/* Begin PBXVariantGroup section */
		9CCCCE281B0971AD00D9F972 /* Main.storyboard */ = {
			isa = PBXVariantGroup;
			children = (
				9CCCCE291B0971AD00D9F972 /* Base */,
			);
			name = Main.storyboard;
			sourceTree = "<group>";
		};
		9CCCCE2D1B0971AD00D9F972 /* LaunchScreen.xib */ = {
			isa = PBXVariantGroup;
			children = (
				9CCCCE2E1B0971AD00D9F972 /* Base */,
			);
			name = LaunchScreen.xib;
			sourceTree = "<group>";
		};
/* End PBXVariantGroup section */

/* Begin XCBuildConfiguration section */
		9CCCCE3C1B0971AD00D9F972 /* Debug */ = {
			isa = XCBuildConfiguration;
			buildSettings = {
				ALWAYS_SEARCH_USER_PATHS = NO;
				CLANG_CXX_LANGUAGE_STANDARD = "gnu++0x";
				CLANG_CXX_LIBRARY = "libc++";
				CLANG_ENABLE_MODULES = YES;
				CLANG_ENABLE_OBJC_ARC = YES;
				CLANG_WARN_BOOL_CONVERSION = YES;
				CLANG_WARN_CONSTANT_CONVERSION = YES;
				CLANG_WARN_DIRECT_OBJC_ISA_USAGE = YES_ERROR;
				CLANG_WARN_EMPTY_BODY = YES;
				CLANG_WARN_ENUM_CONVERSION = YES;
				CLANG_WARN_INT_CONVERSION = YES;
				CLANG_WARN_OBJC_ROOT_CLASS = YES_ERROR;
				CLANG_WARN_UNREACHABLE_CODE = YES;
				CLANG_WARN__DUPLICATE_METHOD_MATCH = YES;
				"CODE_SIGN_IDENTITY[sdk=iphoneos*]" = "iPhone Developer";
				COPY_PHASE_STRIP = NO;
				ENABLE_STRICT_OBJC_MSGSEND = YES;
				GCC_C_LANGUAGE_STANDARD = gnu99;
				GCC_DYNAMIC_NO_PIC = NO;
				GCC_OPTIMIZATION_LEVEL = 0;
				GCC_PREPROCESSOR_DEFINITIONS = (
					"DEBUG=1",
					"$(inherited)",
				);
				GCC_SYMBOLS_PRIVATE_EXTERN = NO;
				GCC_WARN_64_TO_32_BIT_CONVERSION = YES;
				GCC_WARN_ABOUT_RETURN_TYPE = YES_ERROR;
				GCC_WARN_UNDECLARED_SELECTOR = YES;
				GCC_WARN_UNINITIALIZED_AUTOS = YES_AGGRESSIVE;
				GCC_WARN_UNUSED_FUNCTION = YES;
				GCC_WARN_UNUSED_VARIABLE = YES;
				IPHONEOS_DEPLOYMENT_TARGET = 8.1;
				MTL_ENABLE_DEBUG_INFO = YES;
				ONLY_ACTIVE_ARCH = YES;
				SDKROOT = iphoneos;
			};
			name = Debug;
		};
		9CCCCE3D1B0971AD00D9F972 /* Release */ = {
			isa = XCBuildConfiguration;
			buildSettings = {
				ALWAYS_SEARCH_USER_PATHS = NO;
				CLANG_CXX_LANGUAGE_STANDARD = "gnu++0x";
				CLANG_CXX_LIBRARY = "libc++";
				CLANG_ENABLE_MODULES = YES;
				CLANG_ENABLE_OBJC_ARC = YES;
				CLANG_WARN_BOOL_CONVERSION = YES;
				CLANG_WARN_CONSTANT_CONVERSION = YES;
				CLANG_WARN_DIRECT_OBJC_ISA_USAGE = YES_ERROR;
				CLANG_WARN_EMPTY_BODY = YES;
				CLANG_WARN_ENUM_CONVERSION = YES;
				CLANG_WARN_INT_CONVERSION = YES;
				CLANG_WARN_OBJC_ROOT_CLASS = YES_ERROR;
				CLANG_WARN_UNREACHABLE_CODE = YES;
				CLANG_WARN__DUPLICATE_METHOD_MATCH = YES;
				"CODE_SIGN_IDENTITY[sdk=iphoneos*]" = "iPhone Developer";
				COPY_PHASE_STRIP = YES;
				ENABLE_NS_ASSERTIONS = NO;
				ENABLE_STRICT_OBJC_MSGSEND = YES;
				GCC_C_LANGUAGE_STANDARD = gnu99;
				GCC_WARN_64_TO_32_BIT_CONVERSION = YES;
				GCC_WARN_ABOUT_RETURN_TYPE = YES_ERROR;
				GCC_WARN_UNDECLARED_SELECTOR = YES;
				GCC_WARN_UNINITIALIZED_AUTOS = YES_AGGRESSIVE;
				GCC_WARN_UNUSED_FUNCTION = YES;
				GCC_WARN_UNUSED_VARIABLE = YES;
				IPHONEOS_DEPLOYMENT_TARGET = 8.1;
				MTL_ENABLE_DEBUG_INFO = NO;
				SDKROOT = iphoneos;
				VALIDATE_PRODUCT = YES;
			};
			name = Release;
		};
		9CCCCE3F1B0971AD00D9F972 /* Debug */ = {
			isa = XCBuildConfiguration;
			buildSettings = {
				ASSETCATALOG_COMPILER_APPICON_NAME = AppIcon;
				INFOPLIST_FILE = HypnoNerd/Info.plist;
				LD_RUNPATH_SEARCH_PATHS = "$(inherited) @executable_path/Frameworks";
				PRODUCT_NAME = "$(TARGET_NAME)";
			};
			name = Debug;
		};
		9CCCCE401B0971AD00D9F972 /* Release */ = {
			isa = XCBuildConfiguration;
			buildSettings = {
				ASSETCATALOG_COMPILER_APPICON_NAME = AppIcon;
				INFOPLIST_FILE = HypnoNerd/Info.plist;
				LD_RUNPATH_SEARCH_PATHS = "$(inherited) @executable_path/Frameworks";
				PRODUCT_NAME = "$(TARGET_NAME)";
			};
			name = Release;
		};
		9CCCCE421B0971AD00D9F972 /* Debug */ = {
			isa = XCBuildConfiguration;
			buildSettings = {
				BUNDLE_LOADER = "$(TEST_HOST)";
				FRAMEWORK_SEARCH_PATHS = (
					"$(SDKROOT)/Developer/Library/Frameworks",
					"$(inherited)",
				);
				GCC_PREPROCESSOR_DEFINITIONS = (
					"DEBUG=1",
					"$(inherited)",
				);
				INFOPLIST_FILE = HypnoNerdTests/Info.plist;
				LD_RUNPATH_SEARCH_PATHS = "$(inherited) @executable_path/Frameworks @loader_path/Frameworks";
				PRODUCT_NAME = "$(TARGET_NAME)";
				TEST_HOST = "$(BUILT_PRODUCTS_DIR)/HypnoNerd.app/HypnoNerd";
			};
			name = Debug;
		};
		9CCCCE431B0971AD00D9F972 /* Release */ = {
			isa = XCBuildConfiguration;
			buildSettings = {
				BUNDLE_LOADER = "$(TEST_HOST)";
				FRAMEWORK_SEARCH_PATHS = (
					"$(SDKROOT)/Developer/Library/Frameworks",
					"$(inherited)",
				);
				INFOPLIST_FILE = HypnoNerdTests/Info.plist;
				LD_RUNPATH_SEARCH_PATHS = "$(inherited) @executable_path/Frameworks @loader_path/Frameworks";
				PRODUCT_NAME = "$(TARGET_NAME)";
				TEST_HOST = "$(BUILT_PRODUCTS_DIR)/HypnoNerd.app/HypnoNerd";
			};
			name = Release;
		};
/* End XCBuildConfiguration section */

/* Begin XCConfigurationList section */
		9CCCCE161B0971AD00D9F972 /* Build configuration list for PBXProject "HypnoNerd" */ = {
			isa = XCConfigurationList;
			buildConfigurations = (
				9CCCCE3C1B0971AD00D9F972 /* Debug */,
				9CCCCE3D1B0971AD00D9F972 /* Release */,
			);
			defaultConfigurationIsVisible = 0;
			defaultConfigurationName = Release;
		};
		9CCCCE3E1B0971AD00D9F972 /* Build configuration list for PBXNativeTarget "HypnoNerd" */ = {
			isa = XCConfigurationList;
			buildConfigurations = (
				9CCCCE3F1B0971AD00D9F972 /* Debug */,
				9CCCCE401B0971AD00D9F972 /* Release */,
			);
			defaultConfigurationIsVisible = 0;
		};
		9CCCCE411B0971AD00D9F972 /* Build configuration list for PBXNativeTarget "HypnoNerdTests" */ = {
			isa = XCConfigurationList;
			buildConfigurations = (
				9CCCCE421B0971AD00D9F972 /* Debug */,
				9CCCCE431B0971AD00D9F972 /* Release */,
			);
			defaultConfigurationIsVisible = 0;
		};
/* End XCConfigurationList section */
	};
	rootObject = 9CCCCE131B0971AD00D9F972 /* Project object */;
}
